
Microsoft Visual Studio Solution File, Format Version 12.00
# Visual Studio 15
VisualStudioVersion = 15.0.27703.2047
MinimumVisualStudioVersion = 10.0.40219.1
Project("{FAE04EC0-301F-11D3-BF4B-00C04F79EFBC}") = "BsPiClient", "BsPiClient\BsPiClient.csproj", "{607A8A21-F1B6-4CB3-BB87-54823E587DA2}"
EndProject
Global
	GlobalSection(SolutionConfigurationPlatforms) = preSolution
		Debug|Any CPU = Debug|Any CPU
		Release|Any CPU = Release|Any CPU
	EndGlobalSection
	GlobalSection(ProjectConfigurationPlatforms) = postSolution
		{607A8A21-F1B6-4CB3-BB87-54823E587DA2}.Debug|Any CPU.ActiveCfg = Debug|Any CPU
		{607A8A21-F1B6-4CB3-BB87-54823E587DA2}.Debug|Any CPU.Build.0 = Debug|Any CPU
		{607A8A21-F1B6-4CB3-BB87-54823E587DA2}.Release|Any CPU.ActiveCfg = Release|Any CPU
		{607A8A21-F1B6-4CB3-BB87-54823E587DA2}.Release|Any CPU.Build.0 = Release|Any CPU
	EndGlobalSection
	GlobalSection(SolutionProperties) = preSolution
		HideSolutionNode = FALSE
	EndGlobalSection
	GlobalSection(ExtensibilityGlobals) = postSolution
		SolutionGuid = {3E0720CB-2DA8-4C74-99ED-BC36828F9DA5}
	EndGlobalSection
EndGlobal
